{
  "version": 4,
  "terraform_version": "1.6.3",
  "serial": 29,
  "lineage": "80e4fbde-5da1-04d4-a665-0a3f3d01f112",
  "outputs": {
    "crypto_key_id": {
      "value": "projects/avian-azimuth-436920-q0/locations/us-central1/keyRings/k8s-keyy-ring/cryptoKeys/k8s-crypto-keyy",
      "type": "string"
    }
  },
  "resources": [
    {
      "mode": "managed",
      "type": "google_compute_network",
      "name": "gke_network",
      "provider": "provider[\"registry.terraform.io/hashicorp/google\"]",
      "instances": [
        {
          "schema_version": 0,
          "attributes": {
            "auto_create_subnetworks": false,
            "delete_default_routes_on_create": false,
            "description": "",
            "enable_ula_internal_ipv6": false,
            "gateway_ipv4": "",
            "id": "projects/avian-azimuth-436920-q0/global/networks/gke-network",
            "internal_ipv6_range": "",
            "mtu": 0,
            "name": "gke-network",
            "network_firewall_policy_enforcement_order": "AFTER_CLASSIC_FIREWALL",
            "numeric_id": "7207188355389776916",
            "project": "avian-azimuth-436920-q0",
            "routing_mode": "REGIONAL",
            "self_link": "https://www.googleapis.com/compute/v1/projects/avian-azimuth-436920-q0/global/networks/gke-network",
            "timeouts": null
          },
          "sensitive_attributes": [],
          "private": "eyJlMmJmYjczMC1lY2FhLTExZTYtOGY4OC0zNDM2M2JjN2M0YzAiOnsiY3JlYXRlIjoxMjAwMDAwMDAwMDAwLCJkZWxldGUiOjEyMDAwMDAwMDAwMDAsInVwZGF0ZSI6MTIwMDAwMDAwMDAwMH19"
        }
      ]
    },
    {
      "mode": "managed",
      "type": "google_compute_subnetwork",
      "name": "gke_subnet",
      "provider": "provider[\"registry.terraform.io/hashicorp/google\"]",
      "instances": [
        {
          "schema_version": 0,
          "attributes": {
            "creation_timestamp": "2024-09-30T19:14:42.279-07:00",
            "description": "",
            "external_ipv6_prefix": "",
            "fingerprint": null,
            "gateway_address": "10.0.0.1",
            "id": "projects/avian-azimuth-436920-q0/regions/us-central1/subnetworks/gke-subnet",
            "internal_ipv6_prefix": "",
            "ip_cidr_range": "10.0.0.0/16",
            "ipv6_access_type": "",
            "ipv6_cidr_range": "",
            "log_config": [],
            "name": "gke-subnet",
            "network": "https://www.googleapis.com/compute/v1/projects/avian-azimuth-436920-q0/global/networks/gke-network",
            "private_ip_google_access": false,
            "private_ipv6_google_access": "DISABLE_GOOGLE_ACCESS",
            "project": "avian-azimuth-436920-q0",
            "purpose": "PRIVATE",
            "region": "us-central1",
            "reserved_internal_range": "",
            "role": "",
            "secondary_ip_range": [
              {
                "ip_cidr_range": "10.1.0.0/16",
                "range_name": "gke-pods",
                "reserved_internal_range": ""
              },
              {
                "ip_cidr_range": "10.2.0.0/20",
                "range_name": "gke-services",
                "reserved_internal_range": ""
              }
            ],
            "self_link": "https://www.googleapis.com/compute/v1/projects/avian-azimuth-436920-q0/regions/us-central1/subnetworks/gke-subnet",
            "send_secondary_ip_range_if_empty": null,
            "stack_type": "IPV4_ONLY",
            "timeouts": null
          },
          "sensitive_attributes": [],
          "private": "eyJlMmJmYjczMC1lY2FhLTExZTYtOGY4OC0zNDM2M2JjN2M0YzAiOnsiY3JlYXRlIjoxMjAwMDAwMDAwMDAwLCJkZWxldGUiOjEyMDAwMDAwMDAwMDAsInVwZGF0ZSI6MTIwMDAwMDAwMDAwMH19",
          "dependencies": [
            "google_compute_network.gke_network"
          ]
        }
      ]
    },
    {
      "mode": "managed",
      "type": "google_container_cluster",
      "name": "primary",
      "provider": "provider[\"registry.terraform.io/hashicorp/google\"]",
      "instances": [
        {
          "schema_version": 2,
          "attributes": {
            "addons_config": [
              {
                "cloudrun_config": [],
                "config_connector_config": [],
                "dns_cache_config": [],
                "gce_persistent_disk_csi_driver_config": [
                  {
                    "enabled": true
                  }
                ],
                "gcp_filestore_csi_driver_config": [],
                "gcs_fuse_csi_driver_config": [],
                "gke_backup_agent_config": [],
                "horizontal_pod_autoscaling": [
                  {
                    "disabled": false
                  }
                ],
                "http_load_balancing": [],
                "network_policy_config": [
                  {
                    "disabled": false
                  }
                ],
                "ray_operator_config": [],
                "stateful_ha_config": []
              }
            ],
            "allow_net_admin": null,
            "authenticator_groups_config": [],
            "binary_authorization": [
              {
                "enabled": false,
                "evaluation_mode": "PROJECT_SINGLETON_POLICY_ENFORCE"
              }
            ],
            "cluster_autoscaling": [
              {
                "auto_provisioning_defaults": [],
                "auto_provisioning_locations": [],
                "autoscaling_profile": "BALANCED",
                "enabled": false,
                "resource_limits": []
              }
            ],
            "cluster_ipv4_cidr": "10.80.0.0/14",
            "confidential_nodes": [],
            "cost_management_config": [],
            "database_encryption": [
              {
                "key_name": "projects/avian-azimuth-436920-q0/locations/us-central1/keyRings/k8s-keyy-ring/cryptoKeys/k8s-crypto-keyy",
                "state": "ENCRYPTED"
              }
            ],
            "datapath_provider": "",
            "default_max_pods_per_node": 110,
            "default_snat_status": [
              {
                "disabled": false
              }
            ],
            "deletion_protection": true,
            "description": "",
            "dns_config": [],
            "effective_labels": {
              "goog-terraform-provisioned": "true"
            },
            "enable_autopilot": false,
            "enable_cilium_clusterwide_network_policy": false,
            "enable_intranode_visibility": false,
            "enable_k8s_beta_apis": [],
            "enable_kubernetes_alpha": false,
            "enable_l4_ilb_subsetting": false,
            "enable_legacy_abac": false,
            "enable_multi_networking": false,
            "enable_shielded_nodes": true,
            "enable_tpu": false,
            "endpoint": "34.171.92.107",
            "fleet": [],
            "gateway_api_config": [],
            "id": "projects/avian-azimuth-436920-q0/locations/us-central1/clusters/primary-gke-cluster",
            "identity_service_config": [],
            "initial_node_count": 1,
            "ip_allocation_policy": [
              {
                "additional_pod_ranges_config": [],
                "cluster_ipv4_cidr_block": "10.80.0.0/14",
                "cluster_secondary_range_name": "gke-primary-gke-cluster-pods-06357bbd",
                "pod_cidr_overprovision_config": [
                  {
                    "disabled": false
                  }
                ],
                "services_ipv4_cidr_block": "34.118.224.0/20",
                "services_secondary_range_name": "",
                "stack_type": "IPV4"
              }
            ],
            "label_fingerprint": "78cdf2f6",
            "location": "us-central1",
            "logging_config": [
              {
                "enable_components": [
                  "SYSTEM_COMPONENTS",
                  "WORKLOADS"
                ]
              }
            ],
            "logging_service": "logging.googleapis.com/kubernetes",
            "maintenance_policy": [
              {
                "daily_maintenance_window": [
                  {
                    "duration": "PT4H0M0S",
                    "start_time": "03:00"
                  }
                ],
                "maintenance_exclusion": [],
                "recurring_window": []
              }
            ],
            "master_auth": [
              {
                "client_certificate": "",
                "client_certificate_config": [
                  {
                    "issue_client_certificate": false
                  }
                ],
                "client_key": "",
                "cluster_ca_certificate": "LS0tLS1CRUdJTiBDRVJUSUZJQ0FURS0tLS0tCk1JSUVMVENDQXBXZ0F3SUJBZ0lSQUw0QWQ5REJvQmpFbFdXN2VQUW9XM0F3RFFZSktvWklodmNOQVFFTEJRQXcKTHpFdE1Dc0dBMVVFQXhNa1pEZ3hOakJtWWpNdFpqZ3dOaTAwWlRNekxUZ3dZbVF0WkdNMk56UTBZMlZrT0RobQpNQ0FYRFRJME1UQXdNVEF4TWpBMU5sb1lEekl3TlRRd09USTBNREl5TURVMldqQXZNUzB3S3dZRFZRUURFeVJrCk9ERTJNR1ppTXkxbU9EQTJMVFJsTXpNdE9EQmlaQzFrWXpZM05EUmpaV1E0T0dZd2dnR2lNQTBHQ1NxR1NJYjMKRFFFQkFRVUFBNElCandBd2dnR0tBb0lCZ1FDbm9xdnE4VFJFaUNTSWdMbUNONHBJdGk4WkZrNTE4WEVSZzViaApMeTJrK2ZHYmd5emhMUFkrWXBsZHVzQitrZ3BJaTBLZFVGV2J5MTg3ZzgxaVVnaXNYTE9kcTR3OFAvUms0R3NGCkUveXV1d3pVaCtsRDlRVHFKRTYrdTJiVlQ0VkZjcUNWZkZrSDM0YXRKZFNCdy9VUjlTZ0svRnpkT1BMNkF6am4KSTNhT0xMbVRSN0tRLzdjN3B1ZFhONmZBeWs5MTE5OGhuLzVwakU3VTZQd280N0VSNE1JQnRTS042MXJ6OVdrYwpaOFZnZC9RZ3BIb3JMRTV5MWtDSkwweGtYN2NyYk80ZVN0RncwaWlpdmNQeEhKQWg0TTBTNUlMcU1qVTZJcmpXCkNIZVNJcmp1ZGpKOEFZWDRKYXhodExpQmRSa2RnaFBjYjRGM2V0MGZQRmNBeUM3N2hQbVBNSXB4cVRKMXZEWkMKdWRkVjFSM2c0U3NGQk1xeG9rUFBYM1RReGl4aE1GWWhoSVpTQ0hTT2l5cTE4Tk1VREY4dncvUXZ2R2o3QnpwQgo4VkVvN2hLOGU1YmtOaGVZNGh0NEdITUhyaVJ6WkxsV3p1VmN0MTEybkUyR3F3Sm1IVEMycWFLVUlJYmhYRjlWCnROSTdqL1VjRnBydVN3N0JnT3JpU3NnYzAwTUNBd0VBQWFOQ01FQXdEZ1lEVlIwUEFRSC9CQVFEQWdJRU1BOEcKQTFVZEV3RUIvd1FGTUFNQkFmOHdIUVlEVlIwT0JCWUVGR1UvY3pTNGRvOStJcVFVU2cxSE1wVEFuM1dWTUEwRwpDU3FHU0liM0RRRUJDd1VBQTRJQmdRQlJuRjVFODBCeWVCVGloak9qdUFkV3RQZENKUFdDM3JicEZHRW9UWGRyCldVK01mL1NoOXVpeGxwc2NPM2Q1d0RYeXplYnJ0S0duYzBuc3V3Rkt0N05FSCtvaVZRZkIvaXFrbTNUNExZSzMKSnhIcTdNaElYN3VRZHdXYmJSTzd6M1hrSlhJWFFlYjl0SWYrOG5YV3JHQW5JbVc0elg5RU1QenRhWnJxZzYrbgpIa0J5YzFSa1lYY1kySG1lby9zTjRLU1d6Syt0WElmeis5dW5mUytNUWlQU1dseWFYakpDbkI1NGZrcTR6ZndMCnZuT0J1KzhZRnk3bk9FK08wanBDVlcrQ2FjU1pJUTdIYTdEQmloRDk0SFgyTmtBS3hoSzBvR1ZlV1hoTVdJZnQKeU1Ba1d6V2VTb0xieXpDc3AvNGVQUVVXNkdjb0JCVG5CTjFOZnkzbzRidUM0cWVNbUgrWmdIcWdLc3lTL3oySApza1ByWWJVNVJmSHYwSWhRbFk0V3NCYmZ3aEY2UlJQakh2T1BpN1kxN3g3bEZGaHlXS2cwbWx0RWVnWS8xM2p2CkhsR2R2NzFzc004VFEwQVduSTdXd25zTjBXK25EbHZpUGllNlkyYnhUUE1WMng3TWpjckdFejI5SVZQdmN4Z3cKWERDdmJpd1RXNm0rUzRmcXEwemtDSTA9Ci0tLS0tRU5EIENFUlRJRklDQVRFLS0tLS0K"
              }
            ],
            "master_authorized_networks_config": [],
            "master_version": "1.30.3-gke.1969001",
            "mesh_certificates": [],
            "min_master_version": null,
            "monitoring_config": [
              {
                "advanced_datapath_observability_config": [
                  {
                    "enable_metrics": false,
                    "enable_relay": false
                  }
                ],
                "enable_components": [
                  "SYSTEM_COMPONENTS",
                  "STORAGE",
                  "HPA",
                  "POD",
                  "DAEMONSET",
                  "DEPLOYMENT",
                  "STATEFULSET",
                  "CADVISOR",
                  "KUBELET"
                ],
                "managed_prometheus": [
                  {
                    "enabled": true
                  }
                ]
              }
            ],
            "monitoring_service": "monitoring.googleapis.com/kubernetes",
            "name": "primary-gke-cluster",
            "network": "projects/avian-azimuth-436920-q0/global/networks/default",
            "network_policy": [
              {
                "enabled": true,
                "provider": "CALICO"
              }
            ],
            "networking_mode": "VPC_NATIVE",
            "node_config": [
              {
                "advanced_machine_features": [],
                "boot_disk_kms_key": "",
                "confidential_nodes": [],
                "containerd_config": [],
                "disk_size_gb": 100,
                "disk_type": "pd-balanced",
                "effective_taints": [],
                "enable_confidential_storage": false,
                "ephemeral_storage_local_ssd_config": [],
                "fast_socket": [],
                "gcfs_config": [],
                "guest_accelerator": [],
                "gvnic": [],
                "host_maintenance_policy": [],
                "image_type": "COS_CONTAINERD",
                "kubelet_config": [],
                "labels": {},
                "linux_node_config": [],
                "local_nvme_ssd_block_config": [],
                "local_ssd_count": 0,
                "logging_variant": "DEFAULT",
                "machine_type": "e2-medium",
                "metadata": {
                  "disable-legacy-endpoints": "true"
                },
                "min_cpu_platform": "",
                "node_group": "",
                "oauth_scopes": [
                  "https://www.googleapis.com/auth/devstorage.read_only",
                  "https://www.googleapis.com/auth/logging.write",
                  "https://www.googleapis.com/auth/monitoring",
                  "https://www.googleapis.com/auth/service.management.readonly",
                  "https://www.googleapis.com/auth/servicecontrol",
                  "https://www.googleapis.com/auth/trace.append"
                ],
                "preemptible": true,
                "reservation_affinity": [],
                "resource_labels": {},
                "resource_manager_tags": {},
                "secondary_boot_disks": [],
                "service_account": "default",
                "shielded_instance_config": [
                  {
                    "enable_integrity_monitoring": true,
                    "enable_secure_boot": false
                  }
                ],
                "sole_tenant_config": [],
                "spot": false,
                "storage_pools": [],
                "tags": [],
                "taint": [],
                "workload_metadata_config": []
              }
            ],
            "node_locations": [
              "us-central1-a",
              "us-central1-c",
              "us-central1-f"
            ],
            "node_pool": [
              {
                "autoscaling": [],
                "initial_node_count": 1,
                "instance_group_urls": [
                  "https://www.googleapis.com/compute/v1/projects/avian-azimuth-436920-q0/zones/us-central1-c/instanceGroupManagers/gke-primary-gke-cluster-my-node-pool-1cca104c-grp",
                  "https://www.googleapis.com/compute/v1/projects/avian-azimuth-436920-q0/zones/us-central1-f/instanceGroupManagers/gke-primary-gke-cluster-my-node-pool-fd32c65f-grp",
                  "https://www.googleapis.com/compute/v1/projects/avian-azimuth-436920-q0/zones/us-central1-a/instanceGroupManagers/gke-primary-gke-cluster-my-node-pool-fc0be1ad-grp"
                ],
                "managed_instance_group_urls": [
                  "https://www.googleapis.com/compute/v1/projects/avian-azimuth-436920-q0/zones/us-central1-c/instanceGroups/gke-primary-gke-cluster-my-node-pool-1cca104c-grp",
                  "https://www.googleapis.com/compute/v1/projects/avian-azimuth-436920-q0/zones/us-central1-f/instanceGroups/gke-primary-gke-cluster-my-node-pool-fd32c65f-grp",
                  "https://www.googleapis.com/compute/v1/projects/avian-azimuth-436920-q0/zones/us-central1-a/instanceGroups/gke-primary-gke-cluster-my-node-pool-fc0be1ad-grp"
                ],
                "management": [
                  {
                    "auto_repair": true,
                    "auto_upgrade": true
                  }
                ],
                "max_pods_per_node": 110,
                "name": "my-node-pool",
                "name_prefix": "",
                "network_config": [
                  {
                    "additional_node_network_configs": [],
                    "additional_pod_network_configs": [],
                    "create_pod_range": false,
                    "enable_private_nodes": true,
                    "network_performance_config": [],
                    "pod_cidr_overprovision_config": [],
                    "pod_ipv4_cidr_block": "10.80.0.0/14",
                    "pod_range": "gke-primary-gke-cluster-pods-06357bbd"
                  }
                ],
                "node_config": [
                  {
                    "advanced_machine_features": [],
                    "boot_disk_kms_key": "",
                    "confidential_nodes": [],
                    "containerd_config": [],
                    "disk_size_gb": 100,
                    "disk_type": "pd-balanced",
                    "effective_taints": [],
                    "enable_confidential_storage": false,
                    "ephemeral_storage_local_ssd_config": [],
                    "fast_socket": [],
                    "gcfs_config": [],
                    "guest_accelerator": [],
                    "gvnic": [],
                    "host_maintenance_policy": [],
                    "image_type": "COS_CONTAINERD",
                    "kubelet_config": [],
                    "labels": {},
                    "linux_node_config": [],
                    "local_nvme_ssd_block_config": [],
                    "local_ssd_count": 0,
                    "logging_variant": "DEFAULT",
                    "machine_type": "e2-medium",
                    "metadata": {
                      "disable-legacy-endpoints": "true"
                    },
                    "min_cpu_platform": "",
                    "node_group": "",
                    "oauth_scopes": [
                      "https://www.googleapis.com/auth/devstorage.read_only",
                      "https://www.googleapis.com/auth/logging.write",
                      "https://www.googleapis.com/auth/monitoring",
                      "https://www.googleapis.com/auth/service.management.readonly",
                      "https://www.googleapis.com/auth/servicecontrol",
                      "https://www.googleapis.com/auth/trace.append"
                    ],
                    "preemptible": true,
                    "reservation_affinity": [],
                    "resource_labels": {},
                    "resource_manager_tags": {},
                    "secondary_boot_disks": [],
                    "service_account": "default",
                    "shielded_instance_config": [
                      {
                        "enable_integrity_monitoring": true,
                        "enable_secure_boot": false
                      }
                    ],
                    "sole_tenant_config": [],
                    "spot": false,
                    "storage_pools": [],
                    "tags": [],
                    "taint": [],
                    "workload_metadata_config": []
                  }
                ],
                "node_count": 1,
                "node_locations": [
                  "us-central1-a",
                  "us-central1-c",
                  "us-central1-f"
                ],
                "placement_policy": [],
                "queued_provisioning": [],
                "upgrade_settings": [
                  {
                    "blue_green_settings": [
                      {
                        "node_pool_soak_duration": "300s",
                        "standard_rollout_policy": [
                          {
                            "batch_node_count": 0,
                            "batch_percentage": 0.2,
                            "batch_soak_duration": "60s"
                          }
                        ]
                      }
                    ],
                    "max_surge": 0,
                    "max_unavailable": 0,
                    "strategy": "BLUE_GREEN"
                  }
                ],
                "version": "1.30.3-gke.1969001"
              }
            ],
            "node_pool_auto_config": [],
            "node_pool_defaults": [
              {
                "node_config_defaults": [
                  {
                    "containerd_config": [],
                    "gcfs_config": [],
                    "insecure_kubelet_readonly_port_enabled": "FALSE",
                    "logging_variant": "DEFAULT"
                  }
                ]
              }
            ],
            "node_version": "1.30.3-gke.1969001",
            "notification_config": [
              {
                "pubsub": [
                  {
                    "enabled": false,
                    "filter": [],
                    "topic": ""
                  }
                ]
              }
            ],
            "operation": null,
            "private_cluster_config": [
              {
                "enable_private_endpoint": false,
                "enable_private_nodes": true,
                "master_global_access_config": [
                  {
                    "enabled": true
                  }
                ],
                "master_ipv4_cidr_block": "172.16.0.0/28",
                "peering_name": "",
                "private_endpoint": "172.16.0.2",
                "private_endpoint_subnetwork": "",
                "public_endpoint": "34.171.92.107"
              }
            ],
            "private_ipv6_google_access": "",
            "project": "avian-azimuth-436920-q0",
            "release_channel": [
              {
                "channel": "STABLE"
              }
            ],
            "remove_default_node_pool": true,
            "resource_labels": {},
            "resource_usage_export_config": [],
            "secret_manager_config": [
              {
                "enabled": false
              }
            ],
            "security_posture_config": [
              {
                "mode": "BASIC",
                "vulnerability_mode": "VULNERABILITY_MODE_UNSPECIFIED"
              }
            ],
            "self_link": "https://container.googleapis.com/v1/projects/avian-azimuth-436920-q0/locations/us-central1/clusters/primary-gke-cluster",
            "service_external_ips_config": [
              {
                "enabled": false
              }
            ],
            "services_ipv4_cidr": "34.118.224.0/20",
            "subnetwork": "projects/avian-azimuth-436920-q0/regions/us-central1/subnetworks/default",
            "terraform_labels": {
              "goog-terraform-provisioned": "true"
            },
            "timeouts": null,
            "tpu_ipv4_cidr_block": "",
            "vertical_pod_autoscaling": [],
            "workload_identity_config": []
          },
          "sensitive_attributes": [],
          "private": "eyJlMmJmYjczMC1lY2FhLTExZTYtOGY4OC0zNDM2M2JjN2M0YzAiOnsiY3JlYXRlIjoyNDAwMDAwMDAwMDAwLCJkZWxldGUiOjI0MDAwMDAwMDAwMDAsInJlYWQiOjI0MDAwMDAwMDAwMDAsInVwZGF0ZSI6MzYwMDAwMDAwMDAwMH0sInNjaGVtYV92ZXJzaW9uIjoiMiJ9",
          "dependencies": [
            "google_kms_crypto_key.k8s_crypto_key",
            "google_kms_key_ring.k8s_key_ring"
          ],
          "create_before_destroy": true
        }
      ]
    },
    {
      "mode": "managed",
      "type": "google_container_node_pool",
      "name": "primary_preemptible_nodes",
      "provider": "provider[\"registry.terraform.io/hashicorp/google\"]",
      "instances": [
        {
          "schema_version": 1,
          "attributes": {
            "autoscaling": [],
            "cluster": "primary-gke-cluster",
            "id": "projects/avian-azimuth-436920-q0/locations/us-central1/clusters/primary-gke-cluster/nodePools/my-node-pool",
            "initial_node_count": 1,
            "instance_group_urls": [
              "https://www.googleapis.com/compute/v1/projects/avian-azimuth-436920-q0/zones/us-central1-c/instanceGroupManagers/gke-primary-gke-cluster-my-node-pool-1cca104c-grp",
              "https://www.googleapis.com/compute/v1/projects/avian-azimuth-436920-q0/zones/us-central1-f/instanceGroupManagers/gke-primary-gke-cluster-my-node-pool-fd32c65f-grp",
              "https://www.googleapis.com/compute/v1/projects/avian-azimuth-436920-q0/zones/us-central1-a/instanceGroupManagers/gke-primary-gke-cluster-my-node-pool-fc0be1ad-grp"
            ],
            "location": "us-central1",
            "managed_instance_group_urls": [
              "https://www.googleapis.com/compute/v1/projects/avian-azimuth-436920-q0/zones/us-central1-c/instanceGroups/gke-primary-gke-cluster-my-node-pool-1cca104c-grp",
              "https://www.googleapis.com/compute/v1/projects/avian-azimuth-436920-q0/zones/us-central1-f/instanceGroups/gke-primary-gke-cluster-my-node-pool-fd32c65f-grp",
              "https://www.googleapis.com/compute/v1/projects/avian-azimuth-436920-q0/zones/us-central1-a/instanceGroups/gke-primary-gke-cluster-my-node-pool-fc0be1ad-grp"
            ],
            "management": [
              {
                "auto_repair": true,
                "auto_upgrade": true
              }
            ],
            "max_pods_per_node": 110,
            "name": "my-node-pool",
            "name_prefix": "",
            "network_config": [
              {
                "additional_node_network_configs": [],
                "additional_pod_network_configs": [],
                "create_pod_range": false,
                "enable_private_nodes": true,
                "network_performance_config": [],
                "pod_cidr_overprovision_config": [],
                "pod_ipv4_cidr_block": "10.80.0.0/14",
                "pod_range": "gke-primary-gke-cluster-pods-06357bbd"
              }
            ],
            "node_config": [
              {
                "advanced_machine_features": [],
                "boot_disk_kms_key": "",
                "confidential_nodes": [],
                "containerd_config": [],
                "disk_size_gb": 100,
                "disk_type": "pd-balanced",
                "effective_taints": [],
                "enable_confidential_storage": false,
                "ephemeral_storage_local_ssd_config": [],
                "fast_socket": [],
                "gcfs_config": [],
                "guest_accelerator": [],
                "gvnic": [],
                "host_maintenance_policy": [],
                "image_type": "COS_CONTAINERD",
                "kubelet_config": [],
                "labels": {},
                "linux_node_config": [],
                "local_nvme_ssd_block_config": [],
                "local_ssd_count": 0,
                "logging_variant": "DEFAULT",
                "machine_type": "e2-medium",
                "metadata": {
                  "disable-legacy-endpoints": "true"
                },
                "min_cpu_platform": "",
                "node_group": "",
                "oauth_scopes": [
                  "https://www.googleapis.com/auth/devstorage.read_only",
                  "https://www.googleapis.com/auth/logging.write",
                  "https://www.googleapis.com/auth/monitoring",
                  "https://www.googleapis.com/auth/service.management.readonly",
                  "https://www.googleapis.com/auth/servicecontrol",
                  "https://www.googleapis.com/auth/trace.append"
                ],
                "preemptible": true,
                "reservation_affinity": [],
                "resource_labels": {},
                "resource_manager_tags": {},
                "secondary_boot_disks": [],
                "service_account": "default",
                "shielded_instance_config": [
                  {
                    "enable_integrity_monitoring": true,
                    "enable_secure_boot": false
                  }
                ],
                "sole_tenant_config": [],
                "spot": false,
                "storage_pools": [],
                "tags": [],
                "taint": [],
                "workload_metadata_config": []
              }
            ],
            "node_count": 1,
            "node_locations": [
              "us-central1-a",
              "us-central1-c",
              "us-central1-f"
            ],
            "operation": null,
            "placement_policy": [],
            "project": "avian-azimuth-436920-q0",
            "queued_provisioning": [],
            "timeouts": null,
            "upgrade_settings": [
              {
                "blue_green_settings": [
                  {
                    "node_pool_soak_duration": "300s",
                    "standard_rollout_policy": [
                      {
                        "batch_node_count": 0,
                        "batch_percentage": 0.2,
                        "batch_soak_duration": "60s"
                      }
                    ]
                  }
                ],
                "max_surge": 0,
                "max_unavailable": 0,
                "strategy": "BLUE_GREEN"
              }
            ],
            "version": "1.30.3-gke.1969001"
          },
          "sensitive_attributes": [],
          "private": "eyJlMmJmYjczMC1lY2FhLTExZTYtOGY4OC0zNDM2M2JjN2M0YzAiOnsiY3JlYXRlIjoxODAwMDAwMDAwMDAwLCJkZWxldGUiOjE4MDAwMDAwMDAwMDAsInVwZGF0ZSI6MTgwMDAwMDAwMDAwMH0sInNjaGVtYV92ZXJzaW9uIjoiMSJ9",
          "dependencies": [
            "google_container_cluster.primary",
            "google_kms_crypto_key.k8s_crypto_key",
            "google_kms_key_ring.k8s_key_ring"
          ],
          "create_before_destroy": true
        }
      ]
    },
    {
      "mode": "managed",
      "type": "google_kms_crypto_key",
      "name": "k8s_crypto_key",
      "provider": "provider[\"registry.terraform.io/hashicorp/google\"]",
      "instances": [
        {
          "schema_version": 1,
          "attributes": {
            "crypto_key_backend": "",
            "destroy_scheduled_duration": "2592000s",
            "effective_labels": {
              "goog-terraform-provisioned": "true"
            },
            "id": "projects/avian-azimuth-436920-q0/locations/us-central1/keyRings/k8s-keyy-ring/cryptoKeys/k8s-crypto-keyy",
            "import_only": false,
            "key_ring": "projects/avian-azimuth-436920-q0/locations/us-central1/keyRings/k8s-keyy-ring",
            "labels": {},
            "name": "k8s-crypto-keyy",
            "primary": [
              {
                "name": "projects/avian-azimuth-436920-q0/locations/us-central1/keyRings/k8s-keyy-ring/cryptoKeys/k8s-crypto-keyy/cryptoKeyVersions/1",
                "state": "ENABLED"
              }
            ],
            "purpose": "ENCRYPT_DECRYPT",
            "rotation_period": "100000s",
            "skip_initial_version_creation": false,
            "terraform_labels": {
              "goog-terraform-provisioned": "true"
            },
            "timeouts": null,
            "version_template": [
              {
                "algorithm": "GOOGLE_SYMMETRIC_ENCRYPTION",
                "protection_level": "SOFTWARE"
              }
            ]
          },
          "sensitive_attributes": [],
          "private": "eyJlMmJmYjczMC1lY2FhLTExZTYtOGY4OC0zNDM2M2JjN2M0YzAiOnsiY3JlYXRlIjoxMjAwMDAwMDAwMDAwLCJkZWxldGUiOjEyMDAwMDAwMDAwMDAsInVwZGF0ZSI6MTIwMDAwMDAwMDAwMH0sInNjaGVtYV92ZXJzaW9uIjoiMSJ9",
          "dependencies": [
            "google_kms_key_ring.k8s_key_ring"
          ],
          "create_before_destroy": true
        }
      ]
    },
    {
      "mode": "managed",
      "type": "google_kms_key_ring",
      "name": "k8s_key_ring",
      "provider": "provider[\"registry.terraform.io/hashicorp/google\"]",
      "instances": [
        {
          "schema_version": 0,
          "attributes": {
            "id": "projects/avian-azimuth-436920-q0/locations/us-central1/keyRings/k8s-keyy-ring",
            "location": "us-central1",
            "name": "k8s-keyy-ring",
            "project": "avian-azimuth-436920-q0",
            "timeouts": null
          },
          "sensitive_attributes": [],
          "private": "eyJlMmJmYjczMC1lY2FhLTExZTYtOGY4OC0zNDM2M2JjN2M0YzAiOnsiY3JlYXRlIjoxMjAwMDAwMDAwMDAwLCJkZWxldGUiOjEyMDAwMDAwMDAwMDB9fQ==",
          "create_before_destroy": true
        }
      ]
    },
    {
      "mode": "managed",
      "type": "google_project_iam_binding",
      "name": "gke_admin",
      "provider": "provider[\"registry.terraform.io/hashicorp/google\"]",
      "instances": [
        {
          "schema_version": 0,
          "attributes": {
            "condition": [],
            "etag": "BwYjYn7Ivks=",
            "id": "avian-azimuth-436920-q0/roles/container.admin",
            "members": [
              "serviceAccount:720033023335-compute@developer.gserviceaccount.com"
            ],
            "project": "avian-azimuth-436920-q0",
            "role": "roles/container.admin"
          },
          "sensitive_attributes": [],
          "private": "bnVsbA=="
        }
      ]
    },
    {
      "mode": "managed",
      "type": "google_project_service",
      "name": "kubernetes",
      "provider": "provider[\"registry.terraform.io/hashicorp/google\"]",
      "instances": [
        {
          "schema_version": 0,
          "attributes": {
            "disable_dependent_services": null,
            "disable_on_destroy": true,
            "id": "avian-azimuth-436920-q0/container.googleapis.com",
            "project": "avian-azimuth-436920-q0",
            "service": "container.googleapis.com",
            "timeouts": null
          },
          "sensitive_attributes": [],
          "private": "eyJlMmJmYjczMC1lY2FhLTExZTYtOGY4OC0zNDM2M2JjN2M0YzAiOnsiY3JlYXRlIjoxMjAwMDAwMDAwMDAwLCJkZWxldGUiOjEyMDAwMDAwMDAwMDAsInJlYWQiOjYwMDAwMDAwMDAwMCwidXBkYXRlIjoxMjAwMDAwMDAwMDAwfX0="
        }
      ]
    }
  ],
  "check_results": null
}
